
Microsoft Visual Studio Solution File, Format Version 12.00
# Visual Studio 15
VisualStudioVersion = 15.0.26124.0
MinimumVisualStudioVersion = 15.0.26124.0
Project("{2150E333-8FDC-42A3-9474-1A3956D46DE8}") = "src", "src", "{7234AE1F-E84E-4A49-9681-FB944B37542C}"
EndProject
Project("{2150E333-8FDC-42A3-9474-1A3956D46DE8}") = "test", "test", "{1BEEDE94-A19D-435B-AB86-081037A28F1C}"
EndProject
Project("{9A19103F-16F7-4668-BE54-9A1E7A4F7556}") = "Kasay.BindableProperty", "Kasay.BindableProperty\Kasay.BindableProperty.csproj", "{BA82ED3B-2C09-4E55-86B1-D5E297F16FF4}"
EndProject
Project("{9A19103F-16F7-4668-BE54-9A1E7A4F7556}") = "Kasay.BindableProperty.Fody", "Kasay.BindableProperty.Fody\Kasay.BindableProperty.Fody.csproj", "{F3B74A88-760D-40AD-BB15-3B30E363F3C1}"
EndProject
Project("{FAE04EC0-301F-11D3-BF4B-00C04F79EFBC}") = "AssemblyProcessed", "AssemblyProcessed\AssemblyProcessed.csproj", "{1A6BAC29-940A-400B-B81C-A508D83BEDCD}"
EndProject
Global
	GlobalSection(SolutionConfigurationPlatforms) = preSolution
		Debug|Any CPU = Debug|Any CPU
		Debug|ARM = Debug|ARM
		Debug|x64 = Debug|x64
		Debug|x86 = Debug|x86
		Release|Any CPU = Release|Any CPU
		Release|ARM = Release|ARM
		Release|x64 = Release|x64
		Release|x86 = Release|x86
	EndGlobalSection
	GlobalSection(ProjectConfigurationPlatforms) = postSolution
		{BA82ED3B-2C09-4E55-86B1-D5E297F16FF4}.Debug|Any CPU.ActiveCfg = Debug|Any CPU
		{BA82ED3B-2C09-4E55-86B1-D5E297F16FF4}.Debug|Any CPU.Build.0 = Debug|Any CPU
		{BA82ED3B-2C09-4E55-86B1-D5E297F16FF4}.Debug|ARM.ActiveCfg = Debug|Any CPU
		{BA82ED3B-2C09-4E55-86B1-D5E297F16FF4}.Debug|ARM.Build.0 = Debug|Any CPU
		{BA82ED3B-2C09-4E55-86B1-D5E297F16FF4}.Debug|x64.ActiveCfg = Debug|Any CPU
		{BA82ED3B-2C09-4E55-86B1-D5E297F16FF4}.Debug|x64.Build.0 = Debug|Any CPU
		{BA82ED3B-2C09-4E55-86B1-D5E297F16FF4}.Debug|x86.ActiveCfg = Debug|Any CPU
		{BA82ED3B-2C09-4E55-86B1-D5E297F16FF4}.Debug|x86.Build.0 = Debug|Any CPU
		{BA82ED3B-2C09-4E55-86B1-D5E297F16FF4}.Release|Any CPU.ActiveCfg = Release|Any CPU
		{BA82ED3B-2C09-4E55-86B1-D5E297F16FF4}.Release|Any CPU.Build.0 = Release|Any CPU
		{BA82ED3B-2C09-4E55-86B1-D5E297F16FF4}.Release|ARM.ActiveCfg = Release|Any CPU
		{BA82ED3B-2C09-4E55-86B1-D5E297F16FF4}.Release|ARM.Build.0 = Release|Any CPU
		{BA82ED3B-2C09-4E55-86B1-D5E297F16FF4}.Release|x64.ActiveCfg = Release|Any CPU
		{BA82ED3B-2C09-4E55-86B1-D5E297F16FF4}.Release|x64.Build.0 = Release|Any CPU
		{BA82ED3B-2C09-4E55-86B1-D5E297F16FF4}.Release|x86.ActiveCfg = Release|Any CPU
		{BA82ED3B-2C09-4E55-86B1-D5E297F16FF4}.Release|x86.Build.0 = Release|Any CPU
		{F3B74A88-760D-40AD-BB15-3B30E363F3C1}.Debug|Any CPU.ActiveCfg = Debug|Any CPU
		{F3B74A88-760D-40AD-BB15-3B30E363F3C1}.Debug|Any CPU.Build.0 = Debug|Any CPU
		{F3B74A88-760D-40AD-BB15-3B30E363F3C1}.Debug|ARM.ActiveCfg = Debug|Any CPU
		{F3B74A88-760D-40AD-BB15-3B30E363F3C1}.Debug|ARM.Build.0 = Debug|Any CPU
		{F3B74A88-760D-40AD-BB15-3B30E363F3C1}.Debug|x64.ActiveCfg = Debug|Any CPU
		{F3B74A88-760D-40AD-BB15-3B30E363F3C1}.Debug|x64.Build.0 = Debug|Any CPU
		{F3B74A88-760D-40AD-BB15-3B30E363F3C1}.Debug|x86.ActiveCfg = Debug|Any CPU
		{F3B74A88-760D-40AD-BB15-3B30E363F3C1}.Debug|x86.Build.0 = Debug|Any CPU
		{F3B74A88-760D-40AD-BB15-3B30E363F3C1}.Release|Any CPU.ActiveCfg = Release|Any CPU
		{F3B74A88-760D-40AD-BB15-3B30E363F3C1}.Release|Any CPU.Build.0 = Release|Any CPU
		{F3B74A88-760D-40AD-BB15-3B30E363F3C1}.Release|ARM.ActiveCfg = Release|Any CPU
		{F3B74A88-760D-40AD-BB15-3B30E363F3C1}.Release|ARM.Build.0 = Release|Any CPU
		{F3B74A88-760D-40AD-BB15-3B30E363F3C1}.Release|x64.ActiveCfg = Release|Any CPU
		{F3B74A88-760D-40AD-BB15-3B30E363F3C1}.Release|x64.Build.0 = Release|Any CPU
		{F3B74A88-760D-40AD-BB15-3B30E363F3C1}.Release|x86.ActiveCfg = Release|Any CPU
		{F3B74A88-760D-40AD-BB15-3B30E363F3C1}.Release|x86.Build.0 = Release|Any CPU
		{1A6BAC29-940A-400B-B81C-A508D83BEDCD}.Debug|Any CPU.ActiveCfg = Debug|Any CPU
		{1A6BAC29-940A-400B-B81C-A508D83BEDCD}.Debug|Any CPU.Build.0 = Debug|Any CPU
		{1A6BAC29-940A-400B-B81C-A508D83BEDCD}.Debug|ARM.ActiveCfg = Debug|Any CPU
		{1A6BAC29-940A-400B-B81C-A508D83BEDCD}.Debug|ARM.Build.0 = Debug|Any CPU
		{1A6BAC29-940A-400B-B81C-A508D83BEDCD}.Debug|x64.ActiveCfg = Debug|Any CPU
		{1A6BAC29-940A-400B-B81C-A508D83BEDCD}.Debug|x64.Build.0 = Debug|Any CPU
		{1A6BAC29-940A-400B-B81C-A508D83BEDCD}.Debug|x86.ActiveCfg = Debug|Any CPU
		{1A6BAC29-940A-400B-B81C-A508D83BEDCD}.Debug|x86.Build.0 = Debug|Any CPU
		{1A6BAC29-940A-400B-B81C-A508D83BEDCD}.Release|Any CPU.ActiveCfg = Release|Any CPU
		{1A6BAC29-940A-400B-B81C-A508D83BEDCD}.Release|Any CPU.Build.0 = Release|Any CPU
		{1A6BAC29-940A-400B-B81C-A508D83BEDCD}.Release|ARM.ActiveCfg = Release|Any CPU
		{1A6BAC29-940A-400B-B81C-A508D83BEDCD}.Release|ARM.Build.0 = Release|Any CPU
		{1A6BAC29-940A-400B-B81C-A508D83BEDCD}.Release|x64.ActiveCfg = Release|Any CPU
		{1A6BAC29-940A-400B-B81C-A508D83BEDCD}.Release|x64.Build.0 = Release|Any CPU
		{1A6BAC29-940A-400B-B81C-A508D83BEDCD}.Release|x86.ActiveCfg = Release|Any CPU
		{1A6BAC29-940A-400B-B81C-A508D83BEDCD}.Release|x86.Build.0 = Release|Any CPU
	EndGlobalSection
	GlobalSection(SolutionProperties) = preSolution
		HideSolutionNode = FALSE
	EndGlobalSection
	GlobalSection(NestedProjects) = preSolution
		{BA82ED3B-2C09-4E55-86B1-D5E297F16FF4} = {7234AE1F-E84E-4A49-9681-FB944B37542C}
		{F3B74A88-760D-40AD-BB15-3B30E363F3C1} = {7234AE1F-E84E-4A49-9681-FB944B37542C}
		{1A6BAC29-940A-400B-B81C-A508D83BEDCD} = {1BEEDE94-A19D-435B-AB86-081037A28F1C}
	EndGlobalSection
	GlobalSection(ExtensibilityGlobals) = postSolution
		SolutionGuid = {BAF6819A-8D56-48D3-BEDB-5C1933BB5E32}
	EndGlobalSection
EndGlobal
