
Microsoft Visual Studio Solution File, Format Version 12.00
# Visual Studio 15
VisualStudioVersion = 15.0.26124.0
MinimumVisualStudioVersion = 15.0.26124.0
Project("{2150E333-8FDC-42A3-9474-1A3956D46DE8}") = "src", "src", "{7234AE1F-E84E-4A49-9681-FB944B37542C}"
EndProject
Project("{2150E333-8FDC-42A3-9474-1A3956D46DE8}") = "test", "test", "{1BEEDE94-A19D-435B-AB86-081037A28F1C}"
EndProject
Project("{2150E333-8FDC-42A3-9474-1A3956D46DE8}") = "sample", "sample", "{F005C911-339A-4303-849D-7B22F1AE5607}"
EndProject
Project("{9A19103F-16F7-4668-BE54-9A1E7A4F7556}") = "Sample", "sample\Sample\Sample.csproj", "{3646DDBF-32FF-4822-8AF4-62B2F33B664D}"
EndProject
Project("{FAE04EC0-301F-11D3-BF4B-00C04F79EFBC}") = "Sample.UWP", "sample\Sample.UWP\Sample.UWP.csproj", "{C914E086-7015-4A44-8F70-F6F2692F6662}"
EndProject
Project("{FAE04EC0-301F-11D3-BF4B-00C04F79EFBC}") = "Sample.Android", "sample\Sample.Android\Sample.Android.csproj", "{0B7B7AB5-2B37-493D-BF6A-295ABD830A77}"
EndProject
Project("{9A19103F-16F7-4668-BE54-9A1E7A4F7556}") = "Kasay.BindableProperty", "Kasay.BindableProperty\Kasay.BindableProperty.csproj", "{BA82ED3B-2C09-4E55-86B1-D5E297F16FF4}"
EndProject
Project("{9A19103F-16F7-4668-BE54-9A1E7A4F7556}") = "Kasay.BindableProperty.Fody", "Kasay.BindableProperty.Fody\Kasay.BindableProperty.Fody.csproj", "{F3B74A88-760D-40AD-BB15-3B30E363F3C1}"
EndProject
Project("{9A19103F-16F7-4668-BE54-9A1E7A4F7556}") = "AssemblyToProcess", "AssemblyToProcess\AssemblyToProcess.csproj", "{17D8FA49-0630-48D6-8FDE-0B0333D36F9B}"
EndProject
Global
	GlobalSection(SolutionConfigurationPlatforms) = preSolution
		Debug|Any CPU = Debug|Any CPU
		Debug|ARM = Debug|ARM
		Debug|x64 = Debug|x64
		Debug|x86 = Debug|x86
		Release|Any CPU = Release|Any CPU
		Release|ARM = Release|ARM
		Release|x64 = Release|x64
		Release|x86 = Release|x86
	EndGlobalSection
	GlobalSection(ProjectConfigurationPlatforms) = postSolution
		{3646DDBF-32FF-4822-8AF4-62B2F33B664D}.Debug|Any CPU.ActiveCfg = Debug|Any CPU
		{3646DDBF-32FF-4822-8AF4-62B2F33B664D}.Debug|Any CPU.Build.0 = Debug|Any CPU
		{3646DDBF-32FF-4822-8AF4-62B2F33B664D}.Debug|ARM.ActiveCfg = Debug|Any CPU
		{3646DDBF-32FF-4822-8AF4-62B2F33B664D}.Debug|ARM.Build.0 = Debug|Any CPU
		{3646DDBF-32FF-4822-8AF4-62B2F33B664D}.Debug|x64.ActiveCfg = Debug|Any CPU
		{3646DDBF-32FF-4822-8AF4-62B2F33B664D}.Debug|x64.Build.0 = Debug|Any CPU
		{3646DDBF-32FF-4822-8AF4-62B2F33B664D}.Debug|x86.ActiveCfg = Debug|Any CPU
		{3646DDBF-32FF-4822-8AF4-62B2F33B664D}.Debug|x86.Build.0 = Debug|Any CPU
		{3646DDBF-32FF-4822-8AF4-62B2F33B664D}.Release|Any CPU.ActiveCfg = Release|Any CPU
		{3646DDBF-32FF-4822-8AF4-62B2F33B664D}.Release|Any CPU.Build.0 = Release|Any CPU
		{3646DDBF-32FF-4822-8AF4-62B2F33B664D}.Release|ARM.ActiveCfg = Release|Any CPU
		{3646DDBF-32FF-4822-8AF4-62B2F33B664D}.Release|ARM.Build.0 = Release|Any CPU
		{3646DDBF-32FF-4822-8AF4-62B2F33B664D}.Release|x64.ActiveCfg = Release|Any CPU
		{3646DDBF-32FF-4822-8AF4-62B2F33B664D}.Release|x64.Build.0 = Release|Any CPU
		{3646DDBF-32FF-4822-8AF4-62B2F33B664D}.Release|x86.ActiveCfg = Release|Any CPU
		{3646DDBF-32FF-4822-8AF4-62B2F33B664D}.Release|x86.Build.0 = Release|Any CPU
		{C914E086-7015-4A44-8F70-F6F2692F6662}.Debug|Any CPU.ActiveCfg = Debug|x86
		{C914E086-7015-4A44-8F70-F6F2692F6662}.Debug|ARM.ActiveCfg = Debug|ARM
		{C914E086-7015-4A44-8F70-F6F2692F6662}.Debug|ARM.Build.0 = Debug|ARM
		{C914E086-7015-4A44-8F70-F6F2692F6662}.Debug|ARM.Deploy.0 = Debug|ARM
		{C914E086-7015-4A44-8F70-F6F2692F6662}.Debug|x64.ActiveCfg = Debug|x64
		{C914E086-7015-4A44-8F70-F6F2692F6662}.Debug|x64.Build.0 = Debug|x64
		{C914E086-7015-4A44-8F70-F6F2692F6662}.Debug|x64.Deploy.0 = Debug|x64
		{C914E086-7015-4A44-8F70-F6F2692F6662}.Debug|x86.ActiveCfg = Debug|x86
		{C914E086-7015-4A44-8F70-F6F2692F6662}.Debug|x86.Build.0 = Debug|x86
		{C914E086-7015-4A44-8F70-F6F2692F6662}.Debug|x86.Deploy.0 = Debug|x86
		{C914E086-7015-4A44-8F70-F6F2692F6662}.Release|Any CPU.ActiveCfg = Release|x86
		{C914E086-7015-4A44-8F70-F6F2692F6662}.Release|ARM.ActiveCfg = Release|ARM
		{C914E086-7015-4A44-8F70-F6F2692F6662}.Release|ARM.Build.0 = Release|ARM
		{C914E086-7015-4A44-8F70-F6F2692F6662}.Release|ARM.Deploy.0 = Release|ARM
		{C914E086-7015-4A44-8F70-F6F2692F6662}.Release|x64.ActiveCfg = Release|x64
		{C914E086-7015-4A44-8F70-F6F2692F6662}.Release|x64.Build.0 = Release|x64
		{C914E086-7015-4A44-8F70-F6F2692F6662}.Release|x64.Deploy.0 = Release|x64
		{C914E086-7015-4A44-8F70-F6F2692F6662}.Release|x86.ActiveCfg = Release|x86
		{C914E086-7015-4A44-8F70-F6F2692F6662}.Release|x86.Build.0 = Release|x86
		{C914E086-7015-4A44-8F70-F6F2692F6662}.Release|x86.Deploy.0 = Release|x86
		{0B7B7AB5-2B37-493D-BF6A-295ABD830A77}.Debug|Any CPU.ActiveCfg = Debug|Any CPU
		{0B7B7AB5-2B37-493D-BF6A-295ABD830A77}.Debug|Any CPU.Build.0 = Debug|Any CPU
		{0B7B7AB5-2B37-493D-BF6A-295ABD830A77}.Debug|Any CPU.Deploy.0 = Debug|Any CPU
		{0B7B7AB5-2B37-493D-BF6A-295ABD830A77}.Debug|ARM.ActiveCfg = Debug|Any CPU
		{0B7B7AB5-2B37-493D-BF6A-295ABD830A77}.Debug|ARM.Build.0 = Debug|Any CPU
		{0B7B7AB5-2B37-493D-BF6A-295ABD830A77}.Debug|ARM.Deploy.0 = Debug|Any CPU
		{0B7B7AB5-2B37-493D-BF6A-295ABD830A77}.Debug|x64.ActiveCfg = Debug|Any CPU
		{0B7B7AB5-2B37-493D-BF6A-295ABD830A77}.Debug|x64.Build.0 = Debug|Any CPU
		{0B7B7AB5-2B37-493D-BF6A-295ABD830A77}.Debug|x64.Deploy.0 = Debug|Any CPU
		{0B7B7AB5-2B37-493D-BF6A-295ABD830A77}.Debug|x86.ActiveCfg = Debug|Any CPU
		{0B7B7AB5-2B37-493D-BF6A-295ABD830A77}.Debug|x86.Build.0 = Debug|Any CPU
		{0B7B7AB5-2B37-493D-BF6A-295ABD830A77}.Debug|x86.Deploy.0 = Debug|Any CPU
		{0B7B7AB5-2B37-493D-BF6A-295ABD830A77}.Release|Any CPU.ActiveCfg = Release|Any CPU
		{0B7B7AB5-2B37-493D-BF6A-295ABD830A77}.Release|Any CPU.Build.0 = Release|Any CPU
		{0B7B7AB5-2B37-493D-BF6A-295ABD830A77}.Release|Any CPU.Deploy.0 = Release|Any CPU
		{0B7B7AB5-2B37-493D-BF6A-295ABD830A77}.Release|ARM.ActiveCfg = Release|Any CPU
		{0B7B7AB5-2B37-493D-BF6A-295ABD830A77}.Release|ARM.Build.0 = Release|Any CPU
		{0B7B7AB5-2B37-493D-BF6A-295ABD830A77}.Release|ARM.Deploy.0 = Release|Any CPU
		{0B7B7AB5-2B37-493D-BF6A-295ABD830A77}.Release|x64.ActiveCfg = Release|Any CPU
		{0B7B7AB5-2B37-493D-BF6A-295ABD830A77}.Release|x64.Build.0 = Release|Any CPU
		{0B7B7AB5-2B37-493D-BF6A-295ABD830A77}.Release|x64.Deploy.0 = Release|Any CPU
		{0B7B7AB5-2B37-493D-BF6A-295ABD830A77}.Release|x86.ActiveCfg = Release|Any CPU
		{0B7B7AB5-2B37-493D-BF6A-295ABD830A77}.Release|x86.Build.0 = Release|Any CPU
		{0B7B7AB5-2B37-493D-BF6A-295ABD830A77}.Release|x86.Deploy.0 = Release|Any CPU
		{BA82ED3B-2C09-4E55-86B1-D5E297F16FF4}.Debug|Any CPU.ActiveCfg = Debug|Any CPU
		{BA82ED3B-2C09-4E55-86B1-D5E297F16FF4}.Debug|Any CPU.Build.0 = Debug|Any CPU
		{BA82ED3B-2C09-4E55-86B1-D5E297F16FF4}.Debug|ARM.ActiveCfg = Debug|Any CPU
		{BA82ED3B-2C09-4E55-86B1-D5E297F16FF4}.Debug|ARM.Build.0 = Debug|Any CPU
		{BA82ED3B-2C09-4E55-86B1-D5E297F16FF4}.Debug|x64.ActiveCfg = Debug|Any CPU
		{BA82ED3B-2C09-4E55-86B1-D5E297F16FF4}.Debug|x64.Build.0 = Debug|Any CPU
		{BA82ED3B-2C09-4E55-86B1-D5E297F16FF4}.Debug|x86.ActiveCfg = Debug|Any CPU
		{BA82ED3B-2C09-4E55-86B1-D5E297F16FF4}.Debug|x86.Build.0 = Debug|Any CPU
		{BA82ED3B-2C09-4E55-86B1-D5E297F16FF4}.Release|Any CPU.ActiveCfg = Release|Any CPU
		{BA82ED3B-2C09-4E55-86B1-D5E297F16FF4}.Release|Any CPU.Build.0 = Release|Any CPU
		{BA82ED3B-2C09-4E55-86B1-D5E297F16FF4}.Release|ARM.ActiveCfg = Release|Any CPU
		{BA82ED3B-2C09-4E55-86B1-D5E297F16FF4}.Release|ARM.Build.0 = Release|Any CPU
		{BA82ED3B-2C09-4E55-86B1-D5E297F16FF4}.Release|x64.ActiveCfg = Release|Any CPU
		{BA82ED3B-2C09-4E55-86B1-D5E297F16FF4}.Release|x64.Build.0 = Release|Any CPU
		{BA82ED3B-2C09-4E55-86B1-D5E297F16FF4}.Release|x86.ActiveCfg = Release|Any CPU
		{BA82ED3B-2C09-4E55-86B1-D5E297F16FF4}.Release|x86.Build.0 = Release|Any CPU
		{F3B74A88-760D-40AD-BB15-3B30E363F3C1}.Debug|Any CPU.ActiveCfg = Debug|Any CPU
		{F3B74A88-760D-40AD-BB15-3B30E363F3C1}.Debug|Any CPU.Build.0 = Debug|Any CPU
		{F3B74A88-760D-40AD-BB15-3B30E363F3C1}.Debug|ARM.ActiveCfg = Debug|Any CPU
		{F3B74A88-760D-40AD-BB15-3B30E363F3C1}.Debug|ARM.Build.0 = Debug|Any CPU
		{F3B74A88-760D-40AD-BB15-3B30E363F3C1}.Debug|x64.ActiveCfg = Debug|Any CPU
		{F3B74A88-760D-40AD-BB15-3B30E363F3C1}.Debug|x64.Build.0 = Debug|Any CPU
		{F3B74A88-760D-40AD-BB15-3B30E363F3C1}.Debug|x86.ActiveCfg = Debug|Any CPU
		{F3B74A88-760D-40AD-BB15-3B30E363F3C1}.Debug|x86.Build.0 = Debug|Any CPU
		{F3B74A88-760D-40AD-BB15-3B30E363F3C1}.Release|Any CPU.ActiveCfg = Release|Any CPU
		{F3B74A88-760D-40AD-BB15-3B30E363F3C1}.Release|Any CPU.Build.0 = Release|Any CPU
		{F3B74A88-760D-40AD-BB15-3B30E363F3C1}.Release|ARM.ActiveCfg = Release|Any CPU
		{F3B74A88-760D-40AD-BB15-3B30E363F3C1}.Release|ARM.Build.0 = Release|Any CPU
		{F3B74A88-760D-40AD-BB15-3B30E363F3C1}.Release|x64.ActiveCfg = Release|Any CPU
		{F3B74A88-760D-40AD-BB15-3B30E363F3C1}.Release|x64.Build.0 = Release|Any CPU
		{F3B74A88-760D-40AD-BB15-3B30E363F3C1}.Release|x86.ActiveCfg = Release|Any CPU
		{F3B74A88-760D-40AD-BB15-3B30E363F3C1}.Release|x86.Build.0 = Release|Any CPU
		{17D8FA49-0630-48D6-8FDE-0B0333D36F9B}.Debug|Any CPU.ActiveCfg = Debug|Any CPU
		{17D8FA49-0630-48D6-8FDE-0B0333D36F9B}.Debug|Any CPU.Build.0 = Debug|Any CPU
		{17D8FA49-0630-48D6-8FDE-0B0333D36F9B}.Debug|ARM.ActiveCfg = Debug|Any CPU
		{17D8FA49-0630-48D6-8FDE-0B0333D36F9B}.Debug|ARM.Build.0 = Debug|Any CPU
		{17D8FA49-0630-48D6-8FDE-0B0333D36F9B}.Debug|x64.ActiveCfg = Debug|Any CPU
		{17D8FA49-0630-48D6-8FDE-0B0333D36F9B}.Debug|x64.Build.0 = Debug|Any CPU
		{17D8FA49-0630-48D6-8FDE-0B0333D36F9B}.Debug|x86.ActiveCfg = Debug|Any CPU
		{17D8FA49-0630-48D6-8FDE-0B0333D36F9B}.Debug|x86.Build.0 = Debug|Any CPU
		{17D8FA49-0630-48D6-8FDE-0B0333D36F9B}.Release|Any CPU.ActiveCfg = Release|Any CPU
		{17D8FA49-0630-48D6-8FDE-0B0333D36F9B}.Release|Any CPU.Build.0 = Release|Any CPU
		{17D8FA49-0630-48D6-8FDE-0B0333D36F9B}.Release|ARM.ActiveCfg = Release|Any CPU
		{17D8FA49-0630-48D6-8FDE-0B0333D36F9B}.Release|ARM.Build.0 = Release|Any CPU
		{17D8FA49-0630-48D6-8FDE-0B0333D36F9B}.Release|x64.ActiveCfg = Release|Any CPU
		{17D8FA49-0630-48D6-8FDE-0B0333D36F9B}.Release|x64.Build.0 = Release|Any CPU
		{17D8FA49-0630-48D6-8FDE-0B0333D36F9B}.Release|x86.ActiveCfg = Release|Any CPU
		{17D8FA49-0630-48D6-8FDE-0B0333D36F9B}.Release|x86.Build.0 = Release|Any CPU
	EndGlobalSection
	GlobalSection(SolutionProperties) = preSolution
		HideSolutionNode = FALSE
	EndGlobalSection
	GlobalSection(NestedProjects) = preSolution
		{3646DDBF-32FF-4822-8AF4-62B2F33B664D} = {F005C911-339A-4303-849D-7B22F1AE5607}
		{C914E086-7015-4A44-8F70-F6F2692F6662} = {F005C911-339A-4303-849D-7B22F1AE5607}
		{0B7B7AB5-2B37-493D-BF6A-295ABD830A77} = {F005C911-339A-4303-849D-7B22F1AE5607}
		{BA82ED3B-2C09-4E55-86B1-D5E297F16FF4} = {7234AE1F-E84E-4A49-9681-FB944B37542C}
		{F3B74A88-760D-40AD-BB15-3B30E363F3C1} = {7234AE1F-E84E-4A49-9681-FB944B37542C}
		{17D8FA49-0630-48D6-8FDE-0B0333D36F9B} = {1BEEDE94-A19D-435B-AB86-081037A28F1C}
	EndGlobalSection
	GlobalSection(ExtensibilityGlobals) = postSolution
		SolutionGuid = {BAF6819A-8D56-48D3-BEDB-5C1933BB5E32}
	EndGlobalSection
EndGlobal
